
Microsoft Visual Studio Solution File, Format Version 12.00
# Visual Studio Version 16
VisualStudioVersion = 16.0.30711.63
MinimumVisualStudioVersion = 10.0.40219.1
Project("{FAE04EC0-301F-11D3-BF4B-00C04F79EFBC}") = "IncomePlanner", "IncomePlanner.csproj", "{71A43268-46D7-4840-9760-962B4009C83E}"
EndProject
Global
	GlobalSection(SolutionConfigurationPlatforms) = preSolution
		Debug|Any CPU = Debug|Any CPU
		Release|Any CPU = Release|Any CPU
	EndGlobalSection
	GlobalSection(ProjectConfigurationPlatforms) = postSolution
		{71A43268-46D7-4840-9760-962B4009C83E}.Debug|Any CPU.ActiveCfg = Debug|Any CPU
		{71A43268-46D7-4840-9760-962B4009C83E}.Debug|Any CPU.Build.0 = Debug|Any CPU
		{71A43268-46D7-4840-9760-962B4009C83E}.Debug|Any CPU.Deploy.0 = Debug|Any CPU
		{71A43268-46D7-4840-9760-962B4009C83E}.Release|Any CPU.ActiveCfg = Release|Any CPU
		{71A43268-46D7-4840-9760-962B4009C83E}.Release|Any CPU.Build.0 = Release|Any CPU
		{71A43268-46D7-4840-9760-962B4009C83E}.Release|Any CPU.Deploy.0 = Release|Any CPU
	EndGlobalSection
	GlobalSection(SolutionProperties) = preSolution
		HideSolutionNode = FALSE
	EndGlobalSection
	GlobalSection(ExtensibilityGlobals) = postSolution
		SolutionGuid = {626122C6-0075-4487-96DD-6FA4CCCBE105}
	EndGlobalSection
EndGlobal
